
Microsoft Visual Studio Solution File, Format Version 12.00
# Visual Studio Version 17
VisualStudioVersion = 17.1.32421.90
MinimumVisualStudioVersion = 10.0.40219.1
Project("{FAE04EC0-301F-11D3-BF4B-00C04F79EFBC}") = "QLBanHang", "QLBanHang\QLBanHang.csproj", "{B19485B7-0919-4B40-9760-287FC09C3FE2}"
EndProject
Global
	GlobalSection(SolutionConfigurationPlatforms) = preSolution
		Debug|Any CPU = Debug|Any CPU
		Release|Any CPU = Release|Any CPU
	EndGlobalSection
	GlobalSection(ProjectConfigurationPlatforms) = postSolution
		{B19485B7-0919-4B40-9760-287FC09C3FE2}.Debug|Any CPU.ActiveCfg = Debug|Any CPU
		{B19485B7-0919-4B40-9760-287FC09C3FE2}.Debug|Any CPU.Build.0 = Debug|Any CPU
		{B19485B7-0919-4B40-9760-287FC09C3FE2}.Release|Any CPU.ActiveCfg = Release|Any CPU
		{B19485B7-0919-4B40-9760-287FC09C3FE2}.Release|Any CPU.Build.0 = Release|Any CPU
	EndGlobalSection
	GlobalSection(SolutionProperties) = preSolution
		HideSolutionNode = FALSE
	EndGlobalSection
	GlobalSection(ExtensibilityGlobals) = postSolution
		SolutionGuid = {19E9079D-54C1-4AD1-A1AF-E2CC1BF19E50}
	EndGlobalSection
EndGlobal
